{
    "version": 3,
    "terraform_version": "0.11.7",
    "serial": 1,
    "lineage": "4cf195ee-1c61-9843-eb99-306994fbe3c2",
    "modules": [
        {
            "path": [
                "root"
            ],
            "outputs": {},
            "resources": {
                "google_compute_firewall.firewall": {
                    "type": "google_compute_firewall",
                    "depends_on": [
                        "google_compute_network.vpc"
                    ],
                    "primary": {
                        "id": "dev-firewall",
                        "attributes": {
                            "allow.#": "2",
                            "allow.1367131964.ports.#": "0",
                            "allow.1367131964.protocol": "icmp",
                            "allow.803338340.ports.#": "1",
                            "allow.803338340.ports.0": "22",
                            "allow.803338340.protocol": "tcp",
                            "deny.#": "0",
                            "description": "",
                            "destination_ranges.#": "0",
                            "direction": "INGRESS",
                            "disabled": "false",
                            "id": "dev-firewall",
                            "name": "dev-firewall",
                            "network": "https://www.googleapis.com/compute/v1/projects/kubernetes-practice-210422/global/networks/dev-vpc",
                            "priority": "1000",
                            "project": "kubernetes-practice-210422",
                            "self_link": "https://www.googleapis.com/compute/v1/projects/kubernetes-practice-210422/global/firewalls/dev-firewall",
                            "source_ranges.#": "1",
                            "source_ranges.1080289494": "0.0.0.0/0",
                            "source_service_accounts.#": "0",
                            "source_tags.#": "0",
                            "target_service_accounts.#": "0",
                            "target_tags.#": "0"
                        },
                        "meta": {
                            "schema_version": "1"
                        },
                        "tainted": false
                    },
                    "deposed": [],
                    "provider": "provider.google"
                },
                "google_compute_network.vpc": {
                    "type": "google_compute_network",
                    "depends_on": [],
                    "primary": {
                        "id": "dev-vpc",
                        "attributes": {
                            "auto_create_subnetworks": "false",
                            "description": "",
                            "gateway_ipv4": "",
                            "id": "dev-vpc",
                            "ipv4_range": "",
                            "name": "dev-vpc",
                            "project": "kubernetes-practice-210422",
                            "routing_mode": "REGIONAL",
                            "self_link": "https://www.googleapis.com/compute/v1/projects/kubernetes-practice-210422/global/networks/dev-vpc"
                        },
                        "meta": {},
                        "tainted": false
                    },
                    "deposed": [],
                    "provider": "provider.google"
                },
                "google_compute_subnetwork.subnet": {
                    "type": "google_compute_subnetwork",
                    "depends_on": [
                        "google_compute_network.vpc"
                    ],
                    "primary": {
                        "id": "us-central1/dev-subnet",
                        "attributes": {
                            "creation_timestamp": "2018-07-17T16:56:51.683-07:00",
                            "description": "",
                            "enable_flow_logs": "false",
                            "fingerprint": "SRQ6MA0To2U=",
                            "gateway_address": "10.10.0.1",
                            "id": "us-central1/dev-subnet",
                            "ip_cidr_range": "10.10.0.0/24",
                            "name": "dev-subnet",
                            "network": "https://www.googleapis.com/compute/beta/projects/kubernetes-practice-210422/global/networks/dev-vpc",
                            "private_ip_google_access": "false",
                            "project": "kubernetes-practice-210422",
                            "region": "us-central1",
                            "secondary_ip_range.#": "0",
                            "self_link": "https://www.googleapis.com/compute/v1/projects/kubernetes-practice-210422/regions/us-central1/subnetworks/dev-subnet"
                        },
                        "meta": {
                            "e2bfb730-ecaa-11e6-8f88-34363bc7c4c0": {
                                "create": 360000000000,
                                "delete": 360000000000,
                                "update": 360000000000
                            }
                        },
                        "tainted": false
                    },
                    "deposed": [],
                    "provider": "provider.google"
                }
            },
            "depends_on": []
        }
    ]
}
